
Microsoft Visual Studio Solution File, Format Version 12.00
# Visual Studio 15
VisualStudioVersion = 15.0.26730.16
MinimumVisualStudioVersion = 10.0.40219.1
Project("{8BC9CEB8-8B4A-11D0-8D11-00A0C91BC942}") = "ParticleSystem", "ParticleSystem.vcxproj", "{F3A96FB2-BFB9-469C-BA44-8DA45B55CCDD}"
EndProject
Global
	GlobalSection(SolutionConfigurationPlatforms) = preSolution
		Debug|x64 = Debug|x64
		Debug|x86 = Debug|x86
		Release|x64 = Release|x64
		Release|x86 = Release|x86
	EndGlobalSection
	GlobalSection(ProjectConfigurationPlatforms) = postSolution
		{F3A96FB2-BFB9-469C-BA44-8DA45B55CCDD}.Debug|x64.ActiveCfg = Debug|x64
		{F3A96FB2-BFB9-469C-BA44-8DA45B55CCDD}.Debug|x64.Build.0 = Debug|x64
		{F3A96FB2-BFB9-469C-BA44-8DA45B55CCDD}.Debug|x86.ActiveCfg = Debug|Win32
		{F3A96FB2-BFB9-469C-BA44-8DA45B55CCDD}.Debug|x86.Build.0 = Debug|Win32
		{F3A96FB2-BFB9-469C-BA44-8DA45B55CCDD}.Release|x64.ActiveCfg = Release|x64
		{F3A96FB2-BFB9-469C-BA44-8DA45B55CCDD}.Release|x64.Build.0 = Release|x64
		{F3A96FB2-BFB9-469C-BA44-8DA45B55CCDD}.Release|x86.ActiveCfg = Release|Win32
		{F3A96FB2-BFB9-469C-BA44-8DA45B55CCDD}.Release|x86.Build.0 = Release|Win32
	EndGlobalSection
	GlobalSection(SolutionProperties) = preSolution
		HideSolutionNode = FALSE
	EndGlobalSection
	GlobalSection(ExtensibilityGlobals) = postSolution
		SolutionGuid = {3DF13FB2-81EC-4AA0-95BC-647A738EB9A6}
	EndGlobalSection
EndGlobal
